<?xml version="1.0" encoding="utf-8"?>
<Project ToolsVersion="4.0" xmlns="http://schemas.microsoft.com/developer/msbuild/2003">
  <ItemGroup>
    <Filter Include="Resource Files">
      <UniqueIdentifier>{67DA6AB6-F800-4c08-8B7A-83BB121AAD01}</UniqueIdentifier>
      <Extensions>rc;ico;cur;bmp;dlg;rc2;rct;bin;rgs;gif;jpg;jpeg;jpe;resx;tiff;tif;png;wav;mfcribbon-ms</Extensions>
    </Filter>
    <Filter Include="imgui">
      <UniqueIdentifier>{42111400-9a21-4075-85e2-9d8080227a86}</UniqueIdentifier>
    </Filter>
    <Filter Include="injector">
      <UniqueIdentifier>{5253d3e7-6294-4cd4-8afb-676cb74f1863}</UniqueIdentifier>
    </Filter>
    <Filter Include="inputManager">
      <UniqueIdentifier>{f29152f1-59b9-4af1-b2bf-233950e1d806}</UniqueIdentifier>
    </Filter>
  </ItemGroup>
  <ItemGroup>
    <ClCompile Include="..\2EZExternals\imgui\imgui.cpp">
      <Filter>imgui</Filter>
    </ClCompile>
    <ClCompile Include="..\2EZExternals\imgui\imgui_demo.cpp">
      <Filter>imgui</Filter>
    </ClCompile>
    <ClCompile Include="..\2EZExternals\imgui\imgui_draw.cpp">
      <Filter>imgui</Filter>
    </ClCompile>
    <ClCompile Include="..\2EZExternals\imgui\imgui_tables.cpp">
      <Filter>imgui</Filter>
    </ClCompile>
    <ClCompile Include="..\2EZExternals\imgui\imgui_widgets.cpp">
      <Filter>imgui</Filter>
    </ClCompile>
    <ClCompile Include="..\2EZExternals\imgui\backends\imgui_impl_glfw.cpp">
      <Filter>imgui</Filter>
    </ClCompile>
    <ClCompile Include="..\2EZExternals\imgui\backends\imgui_impl_opengl2.cpp">
      <Filter>imgui</Filter>
    </ClCompile>
    <ClCompile Include="Injector\Injector.cpp">
      <Filter>injector</Filter>
    </ClCompile>
    <ClCompile Include="2EZConfig.cpp" />
    <ClCompile Include="main.cpp" />
    <ClCompile Include="inputManager\input.cpp">
      <Filter>inputManager</Filter>
    </ClCompile>
  </ItemGroup>
  <ItemGroup>
    <ClInclude Include="..\2EZExternals\imgui\imstb_rectpack.h">
      <Filter>imgui</Filter>
    </ClInclude>
    <ClInclude Include="..\2EZExternals\imgui\imstb_textedit.h">
      <Filter>imgui</Filter>
    </ClInclude>
    <ClInclude Include="..\2EZExternals\imgui\imstb_truetype.h">
      <Filter>imgui</Filter>
    </ClInclude>
    <ClInclude Include="..\2EZExternals\imgui\imgui_internal.h">
      <Filter>imgui</Filter>
    </ClInclude>
    <ClInclude Include="..\2EZExternals\imgui\imconfig.h">
      <Filter>imgui</Filter>
    </ClInclude>
    <ClInclude Include="..\2EZExternals\imgui\imgui.h">
      <Filter>imgui</Filter>
    </ClInclude>
    <ClInclude Include="..\2EZExternals\imgui\backends\imgui_impl_glfw.h">
      <Filter>imgui</Filter>
    </ClInclude>
    <ClInclude Include="..\2EZExternals\imgui\backends\imgui_impl_opengl2.h">
      <Filter>imgui</Filter>
    </ClInclude>
    <ClInclude Include="Injector\Injector.h">
      <Filter>injector</Filter>
    </ClInclude>
    <ClInclude Include="resource.h" />
    <ClInclude Include="helpers.h" />
    <ClInclude Include="2EZconfig.h" />
    <ClInclude Include="inputManager\input.h">
      <Filter>inputManager</Filter>
    </ClInclude>
    <ClInclude Include="inputManager\device.h">
      <Filter>inputManager</Filter>
    </ClInclude>
  </ItemGroup>
  <ItemGroup>
    <ResourceCompile Include="2EZConfig.rc">
      <Filter>Resource Files</Filter>
    </ResourceCompile>
  </ItemGroup>
  <ItemGroup>
    <Image Include="Resource Files\ico.ico">
      <Filter>Resource Files</Filter>
    </Image>
    <Image Include="ico.ico">
      <Filter>Resource Files</Filter>
    </Image>
  </ItemGroup>
</Project>